
Microsoft Visual Studio Solution File, Format Version 12.00
# Visual Studio Version 17
VisualStudioVersion = 17.10.35027.167
MinimumVisualStudioVersion = 10.0.40219.1
Project("{2150E333-8FDC-42A3-9474-1A3956D46DE8}") = "1.Domain", "1.Domain", "{9B02DEA8-B3B4-4BCC-99F8-B22F2AA5F821}"
EndProject
Project("{2150E333-8FDC-42A3-9474-1A3956D46DE8}") = "2.Infraestructure", "2.Infraestructure", "{27EB156B-52AE-42FD-A5AD-DC4343949BFC}"
EndProject
Project("{2150E333-8FDC-42A3-9474-1A3956D46DE8}") = "3.Application", "3.Application", "{EC31C301-4D85-4200-84EB-304031D160B7}"
EndProject
Project("{2150E333-8FDC-42A3-9474-1A3956D46DE8}") = "4.WebApi", "4.WebApi", "{AF74FF65-C028-4356-9916-69D2842C7C3A}"
EndProject
Project("{9A19103F-16F7-4668-BE54-9A1E7A4F7556}") = "Smartwyre.Domain.Entities", "1.Domain\Smartwyre.Domain.Entities\Smartwyre.Domain.Entities.csproj", "{3E35118D-FD18-47BD-AA45-7590340EB15B}"
EndProject
Project("{9A19103F-16F7-4668-BE54-9A1E7A4F7556}") = "Smartwyre.Domain.Interfaces", "1.Domain\Smartwyre.Domain.Interfaces\Smartwyre.Domain.Interfaces.csproj", "{4DB71A1D-11FD-45E7-B838-9D89BDCC68CA}"
EndProject
Project("{9A19103F-16F7-4668-BE54-9A1E7A4F7556}") = "Smartwyre.Domain.Services", "1.Domain\Smartwyre.Domain.Services\Smartwyre.Domain.Services.csproj", "{CE1FDB93-2959-4B00-B38E-6D390FF8D802}"
EndProject
Project("{9A19103F-16F7-4668-BE54-9A1E7A4F7556}") = "Smartwyre.Infra.Data", "2.Infraestructure\Smartwyre.Infra.Data\Smartwyre.Infra.Data.csproj", "{AACA287E-C6AE-4961-954D-D6384351362E}"
EndProject
Project("{9A19103F-16F7-4668-BE54-9A1E7A4F7556}") = "Smartwyre.Infra.IoC", "2.Infraestructure\Smartwyre.Infra.IoC\Smartwyre.Infra.IoC.csproj", "{CC35F91C-C7AD-4225-86E1-6D7622C2B31E}"
EndProject
Project("{9A19103F-16F7-4668-BE54-9A1E7A4F7556}") = "Smartwyre.Application.Interfaces", "3.Application\Smartwyre.Application.Interfaces\Smartwyre.Application.Interfaces.csproj", "{0045AD8E-A5CE-4890-8ED0-F719AB9222EB}"
EndProject
Project("{9A19103F-16F7-4668-BE54-9A1E7A4F7556}") = "Smartwyre.Application.Services", "3.Application\Smartwyre.Application.Services\Smartwyre.Application.Services.csproj", "{934E08B9-D3B2-4FF4-9DDF-CBA2A5BB8382}"
EndProject
Project("{9A19103F-16F7-4668-BE54-9A1E7A4F7556}") = "Smartwyre.WebApi", "4.WebApi\Smartwyre.WebApi\Smartwyre.WebApi.csproj", "{C9DF5445-0EA9-47D3-8F31-F9CECFFF95C3}"
EndProject
Project("{2150E333-8FDC-42A3-9474-1A3956D46DE8}") = "5.Test", "5.Test", "{F0570BCB-D1F3-4C82-9ED9-D88E5E6577BD}"
EndProject
Project("{9A19103F-16F7-4668-BE54-9A1E7A4F7556}") = "Smartwyre.DeveloperTest.Tests", "5.Test\Smartwyre.Tests\Smartwyre.DeveloperTest.Tests.csproj", "{76C46770-7128-451A-9399-16EDD49EEBFA}"
EndProject
Global
	GlobalSection(SolutionConfigurationPlatforms) = preSolution
		Debug|Any CPU = Debug|Any CPU
		Release|Any CPU = Release|Any CPU
	EndGlobalSection
	GlobalSection(ProjectConfigurationPlatforms) = postSolution
		{3E35118D-FD18-47BD-AA45-7590340EB15B}.Debug|Any CPU.ActiveCfg = Debug|Any CPU
		{3E35118D-FD18-47BD-AA45-7590340EB15B}.Debug|Any CPU.Build.0 = Debug|Any CPU
		{3E35118D-FD18-47BD-AA45-7590340EB15B}.Release|Any CPU.ActiveCfg = Release|Any CPU
		{3E35118D-FD18-47BD-AA45-7590340EB15B}.Release|Any CPU.Build.0 = Release|Any CPU
		{4DB71A1D-11FD-45E7-B838-9D89BDCC68CA}.Debug|Any CPU.ActiveCfg = Debug|Any CPU
		{4DB71A1D-11FD-45E7-B838-9D89BDCC68CA}.Debug|Any CPU.Build.0 = Debug|Any CPU
		{4DB71A1D-11FD-45E7-B838-9D89BDCC68CA}.Release|Any CPU.ActiveCfg = Release|Any CPU
		{4DB71A1D-11FD-45E7-B838-9D89BDCC68CA}.Release|Any CPU.Build.0 = Release|Any CPU
		{CE1FDB93-2959-4B00-B38E-6D390FF8D802}.Debug|Any CPU.ActiveCfg = Debug|Any CPU
		{CE1FDB93-2959-4B00-B38E-6D390FF8D802}.Debug|Any CPU.Build.0 = Debug|Any CPU
		{CE1FDB93-2959-4B00-B38E-6D390FF8D802}.Release|Any CPU.ActiveCfg = Release|Any CPU
		{CE1FDB93-2959-4B00-B38E-6D390FF8D802}.Release|Any CPU.Build.0 = Release|Any CPU
		{AACA287E-C6AE-4961-954D-D6384351362E}.Debug|Any CPU.ActiveCfg = Debug|Any CPU
		{AACA287E-C6AE-4961-954D-D6384351362E}.Debug|Any CPU.Build.0 = Debug|Any CPU
		{AACA287E-C6AE-4961-954D-D6384351362E}.Release|Any CPU.ActiveCfg = Release|Any CPU
		{AACA287E-C6AE-4961-954D-D6384351362E}.Release|Any CPU.Build.0 = Release|Any CPU
		{CC35F91C-C7AD-4225-86E1-6D7622C2B31E}.Debug|Any CPU.ActiveCfg = Debug|Any CPU
		{CC35F91C-C7AD-4225-86E1-6D7622C2B31E}.Debug|Any CPU.Build.0 = Debug|Any CPU
		{CC35F91C-C7AD-4225-86E1-6D7622C2B31E}.Release|Any CPU.ActiveCfg = Release|Any CPU
		{CC35F91C-C7AD-4225-86E1-6D7622C2B31E}.Release|Any CPU.Build.0 = Release|Any CPU
		{0045AD8E-A5CE-4890-8ED0-F719AB9222EB}.Debug|Any CPU.ActiveCfg = Debug|Any CPU
		{0045AD8E-A5CE-4890-8ED0-F719AB9222EB}.Debug|Any CPU.Build.0 = Debug|Any CPU
		{0045AD8E-A5CE-4890-8ED0-F719AB9222EB}.Release|Any CPU.ActiveCfg = Release|Any CPU
		{0045AD8E-A5CE-4890-8ED0-F719AB9222EB}.Release|Any CPU.Build.0 = Release|Any CPU
		{934E08B9-D3B2-4FF4-9DDF-CBA2A5BB8382}.Debug|Any CPU.ActiveCfg = Debug|Any CPU
		{934E08B9-D3B2-4FF4-9DDF-CBA2A5BB8382}.Debug|Any CPU.Build.0 = Debug|Any CPU
		{934E08B9-D3B2-4FF4-9DDF-CBA2A5BB8382}.Release|Any CPU.ActiveCfg = Release|Any CPU
		{934E08B9-D3B2-4FF4-9DDF-CBA2A5BB8382}.Release|Any CPU.Build.0 = Release|Any CPU
		{C9DF5445-0EA9-47D3-8F31-F9CECFFF95C3}.Debug|Any CPU.ActiveCfg = Debug|Any CPU
		{C9DF5445-0EA9-47D3-8F31-F9CECFFF95C3}.Debug|Any CPU.Build.0 = Debug|Any CPU
		{C9DF5445-0EA9-47D3-8F31-F9CECFFF95C3}.Release|Any CPU.ActiveCfg = Release|Any CPU
		{C9DF5445-0EA9-47D3-8F31-F9CECFFF95C3}.Release|Any CPU.Build.0 = Release|Any CPU
		{76C46770-7128-451A-9399-16EDD49EEBFA}.Debug|Any CPU.ActiveCfg = Debug|Any CPU
		{76C46770-7128-451A-9399-16EDD49EEBFA}.Debug|Any CPU.Build.0 = Debug|Any CPU
		{76C46770-7128-451A-9399-16EDD49EEBFA}.Release|Any CPU.ActiveCfg = Release|Any CPU
		{76C46770-7128-451A-9399-16EDD49EEBFA}.Release|Any CPU.Build.0 = Release|Any CPU
	EndGlobalSection
	GlobalSection(SolutionProperties) = preSolution
		HideSolutionNode = FALSE
	EndGlobalSection
	GlobalSection(NestedProjects) = preSolution
		{3E35118D-FD18-47BD-AA45-7590340EB15B} = {9B02DEA8-B3B4-4BCC-99F8-B22F2AA5F821}
		{4DB71A1D-11FD-45E7-B838-9D89BDCC68CA} = {9B02DEA8-B3B4-4BCC-99F8-B22F2AA5F821}
		{CE1FDB93-2959-4B00-B38E-6D390FF8D802} = {9B02DEA8-B3B4-4BCC-99F8-B22F2AA5F821}
		{AACA287E-C6AE-4961-954D-D6384351362E} = {27EB156B-52AE-42FD-A5AD-DC4343949BFC}
		{CC35F91C-C7AD-4225-86E1-6D7622C2B31E} = {27EB156B-52AE-42FD-A5AD-DC4343949BFC}
		{0045AD8E-A5CE-4890-8ED0-F719AB9222EB} = {EC31C301-4D85-4200-84EB-304031D160B7}
		{934E08B9-D3B2-4FF4-9DDF-CBA2A5BB8382} = {EC31C301-4D85-4200-84EB-304031D160B7}
		{C9DF5445-0EA9-47D3-8F31-F9CECFFF95C3} = {AF74FF65-C028-4356-9916-69D2842C7C3A}
		{76C46770-7128-451A-9399-16EDD49EEBFA} = {F0570BCB-D1F3-4C82-9ED9-D88E5E6577BD}
	EndGlobalSection
	GlobalSection(ExtensibilityGlobals) = postSolution
		SolutionGuid = {970B587A-5BF6-4778-8880-5EF4D8CE7016}
	EndGlobalSection
EndGlobal
